// !$*UTF8*$!
{
	archiveVersion = 1;
	classes = {
	};
	objectVersion = 48;
	objects = {

/* Begin PBXBuildFile section */
		3102771D1EC5A43700F6B069 /* FKDLabel.m in Sources */ = {isa = PBXBuildFile; fileRef = 3102771C1EC5A43700F6B069 /* FKDLabel.m */; };
		310277211ECA89FD00F6B069 /* beautiful.jpeg in Resources */ = {isa = PBXBuildFile; fileRef = 310277201ECA89FD00F6B069 /* beautiful.jpeg */; };
		310277251ECAAAC000F6B069 /* ClockNumberController.m in Sources */ = {isa = PBXBuildFile; fileRef = 310277231ECAAAC000F6B069 /* ClockNumberController.m */; };
		310277261ECAAAC000F6B069 /* ClockNumberController.xib in Resources */ = {isa = PBXBuildFile; fileRef = 310277241ECAAAC000F6B069 /* ClockNumberController.xib */; };
		3102772A1ED2806900F6B069 /* SecondController.m in Sources */ = {isa = PBXBuildFile; fileRef = 310277281ED2806900F6B069 /* SecondController.m */; };
		3102772B1ED2806900F6B069 /* SecondController.xib in Resources */ = {isa = PBXBuildFile; fileRef = 310277291ED2806900F6B069 /* SecondController.xib */; };
		3108D1811FAEEB7400DC5596 /* MyLottoCycleView.m in Sources */ = {isa = PBXBuildFile; fileRef = 3108D1801FAEEB7400DC5596 /* MyLottoCycleView.m */; };
		315447081EC1C3A8009FEB1A /* main.m in Sources */ = {isa = PBXBuildFile; fileRef = 315447071EC1C3A8009FEB1A /* main.m */; };
		3154470B1EC1C3A8009FEB1A /* AppDelegate.m in Sources */ = {isa = PBXBuildFile; fileRef = 3154470A1EC1C3A8009FEB1A /* AppDelegate.m */; };
		3154470E1EC1C3A8009FEB1A /* ViewController.m in Sources */ = {isa = PBXBuildFile; fileRef = 3154470D1EC1C3A8009FEB1A /* ViewController.m */; };
		315447111EC1C3A8009FEB1A /* Main.storyboard in Resources */ = {isa = PBXBuildFile; fileRef = 3154470F1EC1C3A8009FEB1A /* Main.storyboard */; };
		315447131EC1C3A8009FEB1A /* Assets.xcassets in Resources */ = {isa = PBXBuildFile; fileRef = 315447121EC1C3A8009FEB1A /* Assets.xcassets */; };
		315447161EC1C3A8009FEB1A /* LaunchScreen.storyboard in Resources */ = {isa = PBXBuildFile; fileRef = 315447141EC1C3A8009FEB1A /* LaunchScreen.storyboard */; };
		3158507C1EE50660003B37BD /* Script.sh in Resources */ = {isa = PBXBuildFile; fileRef = 3158507B1EE50660003B37BD /* Script.sh */; };
		315BA7C320E0BB07007D774D /* EventKitController.m in Sources */ = {isa = PBXBuildFile; fileRef = 315BA7C220E0BB07007D774D /* EventKitController.m */; };
		31D877E11F38711400061711 /* ScrollSectionController.m in Sources */ = {isa = PBXBuildFile; fileRef = 31D877E01F38711400061711 /* ScrollSectionController.m */; };
		31ED67B21FD7C7250002E386 /* QCMethod.m in Sources */ = {isa = PBXBuildFile; fileRef = 31ED67AE1FD7C7240002E386 /* QCMethod.m */; };
		31ED67B31FD7C7250002E386 /* CustomView.m in Sources */ = {isa = PBXBuildFile; fileRef = 31ED67B01FD7C7240002E386 /* CustomView.m */; };
		31FCED781FC69FB2007460EC /* CustomImageController.m in Sources */ = {isa = PBXBuildFile; fileRef = 31FCED771FC69FB2007460EC /* CustomImageController.m */; };
		31FCED821FC80C91007460EC /* NSString+Emojize.m in Sources */ = {isa = PBXBuildFile; fileRef = 31FCED811FC80C91007460EC /* NSString+Emojize.m */; };
		B229818F494397FE73EE892E /* Pods_NewProject.framework in Frameworks */ = {isa = PBXBuildFile; fileRef = ECFFC5FDE448246B0810B71A /* Pods_NewProject.framework */; };
/* End PBXBuildFile section */

/* Begin PBXContainerItemProxy section */
		315850891EE50984003B37BD /* PBXContainerItemProxy */ = {
			isa = PBXContainerItemProxy;
			containerPortal = 315446FB1EC1C3A8009FEB1A /* Project object */;
			proxyType = 1;
			remoteGlobalIDString = 315850851EE508F4003B37BD;
			remoteInfo = Shall;
		};
/* End PBXContainerItemProxy section */

/* Begin PBXFileReference section */
		24389B160A0E95B617449A1B /* Pods-NewProject.debug.xcconfig */ = {isa = PBXFileReference; includeInIndex = 1; lastKnownFileType = text.xcconfig; name = "Pods-NewProject.debug.xcconfig"; path = "Pods/Target Support Files/Pods-NewProject/Pods-NewProject.debug.xcconfig"; sourceTree = "<group>"; };
		3102771B1EC5A43700F6B069 /* FKDLabel.h */ = {isa = PBXFileReference; fileEncoding = 4; lastKnownFileType = sourcecode.c.h; path = FKDLabel.h; sourceTree = "<group>"; };
		3102771C1EC5A43700F6B069 /* FKDLabel.m */ = {isa = PBXFileReference; fileEncoding = 4; lastKnownFileType = sourcecode.c.objc; path = FKDLabel.m; sourceTree = "<group>"; };
		310277201ECA89FD00F6B069 /* beautiful.jpeg */ = {isa = PBXFileReference; lastKnownFileType = image.jpeg; path = beautiful.jpeg; sourceTree = "<group>"; };
		310277221ECAAAC000F6B069 /* ClockNumberController.h */ = {isa = PBXFileReference; fileEncoding = 4; lastKnownFileType = sourcecode.c.h; path = ClockNumberController.h; sourceTree = "<group>"; };
		310277231ECAAAC000F6B069 /* ClockNumberController.m */ = {isa = PBXFileReference; fileEncoding = 4; lastKnownFileType = sourcecode.c.objc; path = ClockNumberController.m; sourceTree = "<group>"; };
		310277241ECAAAC000F6B069 /* ClockNumberController.xib */ = {isa = PBXFileReference; fileEncoding = 4; lastKnownFileType = file.xib; path = ClockNumberController.xib; sourceTree = "<group>"; };
		310277271ED2806900F6B069 /* SecondController.h */ = {isa = PBXFileReference; fileEncoding = 4; lastKnownFileType = sourcecode.c.h; path = SecondController.h; sourceTree = "<group>"; };
		310277281ED2806900F6B069 /* SecondController.m */ = {isa = PBXFileReference; fileEncoding = 4; lastKnownFileType = sourcecode.c.objc; path = SecondController.m; sourceTree = "<group>"; };
		310277291ED2806900F6B069 /* SecondController.xib */ = {isa = PBXFileReference; fileEncoding = 4; lastKnownFileType = file.xib; path = SecondController.xib; sourceTree = "<group>"; };
		3108D17F1FAEEB7400DC5596 /* MyLottoCycleView.h */ = {isa = PBXFileReference; lastKnownFileType = sourcecode.c.h; path = MyLottoCycleView.h; sourceTree = "<group>"; };
		3108D1801FAEEB7400DC5596 /* MyLottoCycleView.m */ = {isa = PBXFileReference; lastKnownFileType = sourcecode.c.objc; path = MyLottoCycleView.m; sourceTree = "<group>"; };
		315447031EC1C3A8009FEB1A /* NewProject.app */ = {isa = PBXFileReference; explicitFileType = wrapper.application; includeInIndex = 0; path = NewProject.app; sourceTree = BUILT_PRODUCTS_DIR; };
		315447071EC1C3A8009FEB1A /* main.m */ = {isa = PBXFileReference; lastKnownFileType = sourcecode.c.objc; path = main.m; sourceTree = "<group>"; };
		315447091EC1C3A8009FEB1A /* AppDelegate.h */ = {isa = PBXFileReference; lastKnownFileType = sourcecode.c.h; path = AppDelegate.h; sourceTree = "<group>"; };
		3154470A1EC1C3A8009FEB1A /* AppDelegate.m */ = {isa = PBXFileReference; lastKnownFileType = sourcecode.c.objc; path = AppDelegate.m; sourceTree = "<group>"; };
		3154470C1EC1C3A8009FEB1A /* ViewController.h */ = {isa = PBXFileReference; lastKnownFileType = sourcecode.c.h; path = ViewController.h; sourceTree = "<group>"; };
		3154470D1EC1C3A8009FEB1A /* ViewController.m */ = {isa = PBXFileReference; lastKnownFileType = sourcecode.c.objc; path = ViewController.m; sourceTree = "<group>"; };
		315447101EC1C3A8009FEB1A /* Base */ = {isa = PBXFileReference; lastKnownFileType = file.storyboard; name = Base; path = Base.lproj/Main.storyboard; sourceTree = "<group>"; };
		315447121EC1C3A8009FEB1A /* Assets.xcassets */ = {isa = PBXFileReference; lastKnownFileType = folder.assetcatalog; path = Assets.xcassets; sourceTree = "<group>"; };
		315447151EC1C3A8009FEB1A /* Base */ = {isa = PBXFileReference; lastKnownFileType = file.storyboard; name = Base; path = Base.lproj/LaunchScreen.storyboard; sourceTree = "<group>"; };
		315447171EC1C3A8009FEB1A /* Info.plist */ = {isa = PBXFileReference; lastKnownFileType = text.plist.xml; path = Info.plist; sourceTree = "<group>"; };
		3158507B1EE50660003B37BD /* Script.sh */ = {isa = PBXFileReference; fileEncoding = 4; lastKnownFileType = text.script.sh; path = Script.sh; sourceTree = "<group>"; };
		315BA7C120E0BB07007D774D /* EventKitController.h */ = {isa = PBXFileReference; lastKnownFileType = sourcecode.c.h; path = EventKitController.h; sourceTree = "<group>"; };
		315BA7C220E0BB07007D774D /* EventKitController.m */ = {isa = PBXFileReference; lastKnownFileType = sourcecode.c.objc; path = EventKitController.m; sourceTree = "<group>"; };
		31D877DF1F38711400061711 /* ScrollSectionController.h */ = {isa = PBXFileReference; fileEncoding = 4; lastKnownFileType = sourcecode.c.h; path = ScrollSectionController.h; sourceTree = "<group>"; };
		31D877E01F38711400061711 /* ScrollSectionController.m */ = {isa = PBXFileReference; fileEncoding = 4; lastKnownFileType = sourcecode.c.objc; path = ScrollSectionController.m; sourceTree = "<group>"; };
		31ED67AE1FD7C7240002E386 /* QCMethod.m */ = {isa = PBXFileReference; fileEncoding = 4; lastKnownFileType = sourcecode.c.objc; path = QCMethod.m; sourceTree = "<group>"; };
		31ED67AF1FD7C7240002E386 /* CustomView.h */ = {isa = PBXFileReference; fileEncoding = 4; lastKnownFileType = sourcecode.c.h; path = CustomView.h; sourceTree = "<group>"; };
		31ED67B01FD7C7240002E386 /* CustomView.m */ = {isa = PBXFileReference; fileEncoding = 4; lastKnownFileType = sourcecode.c.objc; path = CustomView.m; sourceTree = "<group>"; };
		31ED67B11FD7C7250002E386 /* QCMethod.h */ = {isa = PBXFileReference; fileEncoding = 4; lastKnownFileType = sourcecode.c.h; path = QCMethod.h; sourceTree = "<group>"; };
		31FCED761FC69FB2007460EC /* CustomImageController.h */ = {isa = PBXFileReference; lastKnownFileType = sourcecode.c.h; path = CustomImageController.h; sourceTree = "<group>"; };
		31FCED771FC69FB2007460EC /* CustomImageController.m */ = {isa = PBXFileReference; lastKnownFileType = sourcecode.c.objc; path = CustomImageController.m; sourceTree = "<group>"; };
		31FCED7F1FC80C91007460EC /* emojis.h */ = {isa = PBXFileReference; fileEncoding = 4; lastKnownFileType = sourcecode.c.h; path = emojis.h; sourceTree = "<group>"; };
		31FCED801FC80C91007460EC /* NSString+Emojize.h */ = {isa = PBXFileReference; fileEncoding = 4; lastKnownFileType = sourcecode.c.h; path = "NSString+Emojize.h"; sourceTree = "<group>"; };
		31FCED811FC80C91007460EC /* NSString+Emojize.m */ = {isa = PBXFileReference; fileEncoding = 4; lastKnownFileType = sourcecode.c.objc; path = "NSString+Emojize.m"; sourceTree = "<group>"; };
		3E3001D27F51367A4A4B0BFB /* Pods-NewProject.release.xcconfig */ = {isa = PBXFileReference; includeInIndex = 1; lastKnownFileType = text.xcconfig; name = "Pods-NewProject.release.xcconfig"; path = "Pods/Target Support Files/Pods-NewProject/Pods-NewProject.release.xcconfig"; sourceTree = "<group>"; };
		ECFFC5FDE448246B0810B71A /* Pods_NewProject.framework */ = {isa = PBXFileReference; explicitFileType = wrapper.framework; includeInIndex = 0; path = Pods_NewProject.framework; sourceTree = BUILT_PRODUCTS_DIR; };
/* End PBXFileReference section */

/* Begin PBXFrameworksBuildPhase section */
		315447001EC1C3A8009FEB1A /* Frameworks */ = {
			isa = PBXFrameworksBuildPhase;
			buildActionMask = 2147483647;
			files = (
				B229818F494397FE73EE892E /* Pods_NewProject.framework in Frameworks */,
			);
			runOnlyForDeploymentPostprocessing = 0;
		};
/* End PBXFrameworksBuildPhase section */

/* Begin PBXGroup section */
		130F06ACFBC9AEC2C21B7926 /* Frameworks */ = {
			isa = PBXGroup;
			children = (
				ECFFC5FDE448246B0810B71A /* Pods_NewProject.framework */,
			);
			name = Frameworks;
			sourceTree = "<group>";
		};
		315446FA1EC1C3A8009FEB1A = {
			isa = PBXGroup;
			children = (
				315447051EC1C3A8009FEB1A /* NewProject */,
				315447041EC1C3A8009FEB1A /* Products */,
				CEB7692E11E86F50129316F3 /* Pods */,
				130F06ACFBC9AEC2C21B7926 /* Frameworks */,
			);
			sourceTree = "<group>";
		};
		315447041EC1C3A8009FEB1A /* Products */ = {
			isa = PBXGroup;
			children = (
				315447031EC1C3A8009FEB1A /* NewProject.app */,
			);
			name = Products;
			sourceTree = "<group>";
		};
		315447051EC1C3A8009FEB1A /* NewProject */ = {
			isa = PBXGroup;
			children = (
				315447091EC1C3A8009FEB1A /* AppDelegate.h */,
				3154470A1EC1C3A8009FEB1A /* AppDelegate.m */,
				3154470C1EC1C3A8009FEB1A /* ViewController.h */,
				3154470D1EC1C3A8009FEB1A /* ViewController.m */,
				310277221ECAAAC000F6B069 /* ClockNumberController.h */,
				310277231ECAAAC000F6B069 /* ClockNumberController.m */,
				3158507B1EE50660003B37BD /* Script.sh */,
				310277241ECAAAC000F6B069 /* ClockNumberController.xib */,
				310277271ED2806900F6B069 /* SecondController.h */,
				310277281ED2806900F6B069 /* SecondController.m */,
				310277291ED2806900F6B069 /* SecondController.xib */,
				3102771B1EC5A43700F6B069 /* FKDLabel.h */,
				3102771C1EC5A43700F6B069 /* FKDLabel.m */,
				31D877DF1F38711400061711 /* ScrollSectionController.h */,
				31D877E01F38711400061711 /* ScrollSectionController.m */,
				3108D17F1FAEEB7400DC5596 /* MyLottoCycleView.h */,
				3108D1801FAEEB7400DC5596 /* MyLottoCycleView.m */,
				31FCED761FC69FB2007460EC /* CustomImageController.h */,
				31FCED771FC69FB2007460EC /* CustomImageController.m */,
				315BA7C120E0BB07007D774D /* EventKitController.h */,
				315BA7C220E0BB07007D774D /* EventKitController.m */,
				31ED67A71FD7C1FA0002E386 /* CodeAnimation */,
				31FCED7E1FC80C91007460EC /* NSStringEmojize */,
				310277201ECA89FD00F6B069 /* beautiful.jpeg */,
				3154470F1EC1C3A8009FEB1A /* Main.storyboard */,
				315447121EC1C3A8009FEB1A /* Assets.xcassets */,
				315447141EC1C3A8009FEB1A /* LaunchScreen.storyboard */,
				315447171EC1C3A8009FEB1A /* Info.plist */,
				315447061EC1C3A8009FEB1A /* Supporting Files */,
			);
			path = NewProject;
			sourceTree = "<group>";
		};
		315447061EC1C3A8009FEB1A /* Supporting Files */ = {
			isa = PBXGroup;
			children = (
				315447071EC1C3A8009FEB1A /* main.m */,
			);
			name = "Supporting Files";
			sourceTree = "<group>";
		};
		31ED67A71FD7C1FA0002E386 /* CodeAnimation */ = {
			isa = PBXGroup;
			children = (
				31ED67AF1FD7C7240002E386 /* CustomView.h */,
				31ED67B01FD7C7240002E386 /* CustomView.m */,
				31ED67B11FD7C7250002E386 /* QCMethod.h */,
				31ED67AE1FD7C7240002E386 /* QCMethod.m */,
			);
			path = CodeAnimation;
			sourceTree = "<group>";
		};
		31FCED7E1FC80C91007460EC /* NSStringEmojize */ = {
			isa = PBXGroup;
			children = (
				31FCED7F1FC80C91007460EC /* emojis.h */,
				31FCED801FC80C91007460EC /* NSString+Emojize.h */,
				31FCED811FC80C91007460EC /* NSString+Emojize.m */,
			);
			path = NSStringEmojize;
			sourceTree = "<group>";
		};
		CEB7692E11E86F50129316F3 /* Pods */ = {
			isa = PBXGroup;
			children = (
				24389B160A0E95B617449A1B /* Pods-NewProject.debug.xcconfig */,
				3E3001D27F51367A4A4B0BFB /* Pods-NewProject.release.xcconfig */,
			);
			name = Pods;
			sourceTree = "<group>";
		};
/* End PBXGroup section */

/* Begin PBXLegacyTarget section */
		315850851EE508F4003B37BD /* Shall */ = {
			isa = PBXLegacyTarget;
			buildArgumentsString = "$(ACTION)";
			buildConfigurationList = 315850861EE508F4003B37BD /* Build configuration list for PBXLegacyTarget "Shall" */;
			buildPhases = (
			);
			buildToolPath = ./Script.sh;
			buildWorkingDirectory = NewProject;
			dependencies = (
			);
			name = Shall;
			passBuildSettingsInEnvironment = 1;
			productName = Shall;
		};
/* End PBXLegacyTarget section */

/* Begin PBXNativeTarget section */
		315447021EC1C3A8009FEB1A /* NewProject */ = {
			isa = PBXNativeTarget;
			buildConfigurationList = 3154471A1EC1C3A8009FEB1A /* Build configuration list for PBXNativeTarget "NewProject" */;
			buildPhases = (
				0E5AD29A5D051B6821E582D0 /* [CP] Check Pods Manifest.lock */,
				315446FF1EC1C3A8009FEB1A /* Sources */,
				315447001EC1C3A8009FEB1A /* Frameworks */,
				315447011EC1C3A8009FEB1A /* Resources */,
				3158508B1EE65465003B37BD /* ShellScript */,
				3158508C1EE683C7003B37BD /* ShellScript */,
				FF57A0CFACBEE89C81103953 /* [CP] Embed Pods Frameworks */,
			);
			buildRules = (
			);
			dependencies = (
				3158508A1EE50984003B37BD /* PBXTargetDependency */,
			);
			name = NewProject;
			productName = NewProject;
			productReference = 315447031EC1C3A8009FEB1A /* NewProject.app */;
			productType = "com.apple.product-type.application";
		};
/* End PBXNativeTarget section */

/* Begin PBXProject section */
		315446FB1EC1C3A8009FEB1A /* Project object */ = {
			isa = PBXProject;
			attributes = {
				LastUpgradeCheck = 0800;
				ORGANIZATIONNAME = fan;
				TargetAttributes = {
					315447021EC1C3A8009FEB1A = {
						CreatedOnToolsVersion = 8.0;
						DevelopmentTeam = VW8U9YA9E8;
						ProvisioningStyle = Automatic;
					};
					315850851EE508F4003B37BD = {
						CreatedOnToolsVersion = 8.0;
						DevelopmentTeam = VW8U9YA9E8;
						ProvisioningStyle = Automatic;
					};
				};
			};
			buildConfigurationList = 315446FE1EC1C3A8009FEB1A /* Build configuration list for PBXProject "NewProject" */;
			compatibilityVersion = "Xcode 8.0";
			developmentRegion = English;
			hasScannedForEncodings = 0;
			knownRegions = (
				en,
				Base,
			);
			mainGroup = 315446FA1EC1C3A8009FEB1A;
			productRefGroup = 315447041EC1C3A8009FEB1A /* Products */;
			projectDirPath = "";
			projectRoot = "";
			targets = (
				315447021EC1C3A8009FEB1A /* NewProject */,
				315850851EE508F4003B37BD /* Shall */,
			);
		};
/* End PBXProject section */

/* Begin PBXResourcesBuildPhase section */
		315447011EC1C3A8009FEB1A /* Resources */ = {
			isa = PBXResourcesBuildPhase;
			buildActionMask = 2147483647;
			files = (
				315447161EC1C3A8009FEB1A /* LaunchScreen.storyboard in Resources */,
				310277261ECAAAC000F6B069 /* ClockNumberController.xib in Resources */,
				315447131EC1C3A8009FEB1A /* Assets.xcassets in Resources */,
				3158507C1EE50660003B37BD /* Script.sh in Resources */,
				3102772B1ED2806900F6B069 /* SecondController.xib in Resources */,
				315447111EC1C3A8009FEB1A /* Main.storyboard in Resources */,
				310277211ECA89FD00F6B069 /* beautiful.jpeg in Resources */,
			);
			runOnlyForDeploymentPostprocessing = 0;
		};
/* End PBXResourcesBuildPhase section */

/* Begin PBXShellScriptBuildPhase section */
		0E5AD29A5D051B6821E582D0 /* [CP] Check Pods Manifest.lock */ = {
			isa = PBXShellScriptBuildPhase;
			buildActionMask = 2147483647;
			files = (
			);
			inputPaths = (
				"${PODS_PODFILE_DIR_PATH}/Podfile.lock",
				"${PODS_ROOT}/Manifest.lock",
			);
			name = "[CP] Check Pods Manifest.lock";
			outputPaths = (
				"$(DERIVED_FILE_DIR)/Pods-NewProject-checkManifestLockResult.txt",
			);
			runOnlyForDeploymentPostprocessing = 0;
			shellPath = /bin/sh;
			shellScript = "diff \"${PODS_PODFILE_DIR_PATH}/Podfile.lock\" \"${PODS_ROOT}/Manifest.lock\" > /dev/null\nif [ $? != 0 ] ; then\n    # print error to STDERR\n    echo \"error: The sandbox is not in sync with the Podfile.lock. Run 'pod install' or update your CocoaPods installation.\" >&2\n    exit 1\nfi\n# This output is used by Xcode 'outputs' to avoid re-running this script phase.\necho \"SUCCESS\" > \"${SCRIPT_OUTPUT_FILE_0}\"\n";
			showEnvVarsInLog = 0;
		};
		3158508B1EE65465003B37BD /* ShellScript */ = {
			isa = PBXShellScriptBuildPhase;
			buildActionMask = 12;
			files = (
			);
			inputPaths = (
			);
			outputPaths = (
			);
			runOnlyForDeploymentPostprocessing = 0;
			shellPath = /bin/sh;
			shellScript = "echo \"Dump of variables\"\necho \"PRODUCT_NAME=${PRODUCT_NAME}\"\necho \"The action being performed on the current target,such as build or clean.\"\necho \"ACTION=${ACTION}\"\necho \"The variations-debug,profile or normal-that Xcode is creating for the product being built.\"\necho \"BUILD_VARIANTS=${BUILD_VARIANTS}\"\necho \"The name of the project containing the tartget that is being build.\"\necho \"PROJECT_NAME=$PROJECT_NAME\"\necho \"The name of the project being built, without any extension or suffix.\"\necho \"PROJECT_NAME=$PROJECT_NAME\"\necho \"The name of the target being built.\"\necho \"TARGET_NAME=$TARGET_NAME\"\necho \"The location of the target being built.\"\necho \"TARGET_BUILD_DIR=$TARGET_BUILD_DIR\"\necho \"The directory that holds the products created by building the tartgets in a project.\"\necho \"BUILD_PRODUCTS_DIR=$TARGET_BUILD_DIR\"\necho \"The directory that holds intermediate files for a specific target.\"\necho \"TEMP_FILES_DIR=$TARGET_BUILD_DIR\"\necho \"The directory that holds intermediate source files generated by the Compile Source build phase\"\necho \"DERIVED_FILES_DIR=$TARGET_BUILD_DIR\"\necho \"The location of the installed product.\"\necho \"INSTALL_DIR=$TARGET_BUILD_DIR\"";
		};
		3158508C1EE683C7003B37BD /* ShellScript */ = {
			isa = PBXShellScriptBuildPhase;
			buildActionMask = 2147483647;
			files = (
			);
			inputPaths = (
			);
			outputPaths = (
			);
			runOnlyForDeploymentPostprocessing = 0;
			shellPath = /bin/sh;
			shellScript = "#$(SRCROOT)/NewProject/Script.sh\n/Users/fan/Desktop/NewProject/NewProject/Script.sh\n";
		};
		FF57A0CFACBEE89C81103953 /* [CP] Embed Pods Frameworks */ = {
			isa = PBXShellScriptBuildPhase;
			buildActionMask = 2147483647;
			files = (
			);
			inputPaths = (
				"${SRCROOT}/Pods/Target Support Files/Pods-NewProject/Pods-NewProject-frameworks.sh",
				"${BUILT_PRODUCTS_DIR}/LEEAlert/LEEAlert.framework",
			);
			name = "[CP] Embed Pods Frameworks";
			outputPaths = (
				"${TARGET_BUILD_DIR}/${FRAMEWORKS_FOLDER_PATH}/LEEAlert.framework",
			);
			runOnlyForDeploymentPostprocessing = 0;
			shellPath = /bin/sh;
			shellScript = "\"${SRCROOT}/Pods/Target Support Files/Pods-NewProject/Pods-NewProject-frameworks.sh\"\n";
			showEnvVarsInLog = 0;
		};
/* End PBXShellScriptBuildPhase section */

/* Begin PBXSourcesBuildPhase section */
		315446FF1EC1C3A8009FEB1A /* Sources */ = {
			isa = PBXSourcesBuildPhase;
			buildActionMask = 2147483647;
			files = (
				3108D1811FAEEB7400DC5596 /* MyLottoCycleView.m in Sources */,
				3154470E1EC1C3A8009FEB1A /* ViewController.m in Sources */,
				310277251ECAAAC000F6B069 /* ClockNumberController.m in Sources */,
				3154470B1EC1C3A8009FEB1A /* AppDelegate.m in Sources */,
				3102772A1ED2806900F6B069 /* SecondController.m in Sources */,
				31ED67B31FD7C7250002E386 /* CustomView.m in Sources */,
				315BA7C320E0BB07007D774D /* EventKitController.m in Sources */,
				31FCED781FC69FB2007460EC /* CustomImageController.m in Sources */,
				3102771D1EC5A43700F6B069 /* FKDLabel.m in Sources */,
				31ED67B21FD7C7250002E386 /* QCMethod.m in Sources */,
				31D877E11F38711400061711 /* ScrollSectionController.m in Sources */,
				315447081EC1C3A8009FEB1A /* main.m in Sources */,
				31FCED821FC80C91007460EC /* NSString+Emojize.m in Sources */,
			);
			runOnlyForDeploymentPostprocessing = 0;
		};
/* End PBXSourcesBuildPhase section */

/* Begin PBXTargetDependency section */
		3158508A1EE50984003B37BD /* PBXTargetDependency */ = {
			isa = PBXTargetDependency;
			target = 315850851EE508F4003B37BD /* Shall */;
			targetProxy = 315850891EE50984003B37BD /* PBXContainerItemProxy */;
		};
/* End PBXTargetDependency section */

/* Begin PBXVariantGroup section */
		3154470F1EC1C3A8009FEB1A /* Main.storyboard */ = {
			isa = PBXVariantGroup;
			children = (
				315447101EC1C3A8009FEB1A /* Base */,
			);
			name = Main.storyboard;
			sourceTree = "<group>";
		};
		315447141EC1C3A8009FEB1A /* LaunchScreen.storyboard */ = {
			isa = PBXVariantGroup;
			children = (
				315447151EC1C3A8009FEB1A /* Base */,
			);
			name = LaunchScreen.storyboard;
			sourceTree = "<group>";
		};
/* End PBXVariantGroup section */

/* Begin XCBuildConfiguration section */
		315447181EC1C3A8009FEB1A /* Debug */ = {
			isa = XCBuildConfiguration;
			buildSettings = {
				ALWAYS_SEARCH_USER_PATHS = NO;
				CLANG_ANALYZER_NONNULL = YES;
				CLANG_CXX_LANGUAGE_STANDARD = "gnu++0x";
				CLANG_CXX_LIBRARY = "libc++";
				CLANG_ENABLE_MODULES = YES;
				CLANG_ENABLE_OBJC_ARC = YES;
				CLANG_WARN_BOOL_CONVERSION = YES;
				CLANG_WARN_CONSTANT_CONVERSION = YES;
				CLANG_WARN_DIRECT_OBJC_ISA_USAGE = YES_ERROR;
				CLANG_WARN_DOCUMENTATION_COMMENTS = YES;
				CLANG_WARN_EMPTY_BODY = YES;
				CLANG_WARN_ENUM_CONVERSION = YES;
				CLANG_WARN_INFINITE_RECURSION = YES;
				CLANG_WARN_INT_CONVERSION = YES;
				CLANG_WARN_OBJC_ROOT_CLASS = YES_ERROR;
				CLANG_WARN_SUSPICIOUS_MOVES = YES;
				CLANG_WARN_UNREACHABLE_CODE = YES;
				CLANG_WARN__DUPLICATE_METHOD_MATCH = YES;
				"CODE_SIGN_IDENTITY[sdk=iphoneos*]" = "iPhone Developer";
				COPY_PHASE_STRIP = NO;
				DEBUG_INFORMATION_FORMAT = dwarf;
				ENABLE_STRICT_OBJC_MSGSEND = YES;
				ENABLE_TESTABILITY = YES;
				GCC_C_LANGUAGE_STANDARD = gnu99;
				GCC_DYNAMIC_NO_PIC = NO;
				GCC_NO_COMMON_BLOCKS = YES;
				GCC_OPTIMIZATION_LEVEL = 0;
				GCC_PREPROCESSOR_DEFINITIONS = (
					"DEBUG=1",
					"$(inherited)",
				);
				GCC_WARN_64_TO_32_BIT_CONVERSION = YES;
				GCC_WARN_ABOUT_RETURN_TYPE = YES_ERROR;
				GCC_WARN_UNDECLARED_SELECTOR = YES;
				GCC_WARN_UNINITIALIZED_AUTOS = YES_AGGRESSIVE;
				GCC_WARN_UNUSED_FUNCTION = YES;
				GCC_WARN_UNUSED_VARIABLE = YES;
				IPHONEOS_DEPLOYMENT_TARGET = 8.0;
				MTL_ENABLE_DEBUG_INFO = YES;
				ONLY_ACTIVE_ARCH = YES;
				SDKROOT = iphoneos;
			};
			name = Debug;
		};
		315447191EC1C3A8009FEB1A /* Release */ = {
			isa = XCBuildConfiguration;
			buildSettings = {
				ALWAYS_SEARCH_USER_PATHS = NO;
				CLANG_ANALYZER_NONNULL = YES;
				CLANG_CXX_LANGUAGE_STANDARD = "gnu++0x";
				CLANG_CXX_LIBRARY = "libc++";
				CLANG_ENABLE_MODULES = YES;
				CLANG_ENABLE_OBJC_ARC = YES;
				CLANG_WARN_BOOL_CONVERSION = YES;
				CLANG_WARN_CONSTANT_CONVERSION = YES;
				CLANG_WARN_DIRECT_OBJC_ISA_USAGE = YES_ERROR;
				CLANG_WARN_DOCUMENTATION_COMMENTS = YES;
				CLANG_WARN_EMPTY_BODY = YES;
				CLANG_WARN_ENUM_CONVERSION = YES;
				CLANG_WARN_INFINITE_RECURSION = YES;
				CLANG_WARN_INT_CONVERSION = YES;
				CLANG_WARN_OBJC_ROOT_CLASS = YES_ERROR;
				CLANG_WARN_SUSPICIOUS_MOVES = YES;
				CLANG_WARN_UNREACHABLE_CODE = YES;
				CLANG_WARN__DUPLICATE_METHOD_MATCH = YES;
				"CODE_SIGN_IDENTITY[sdk=iphoneos*]" = "iPhone Developer";
				COPY_PHASE_STRIP = NO;
				DEBUG_INFORMATION_FORMAT = "dwarf-with-dsym";
				ENABLE_NS_ASSERTIONS = NO;
				ENABLE_STRICT_OBJC_MSGSEND = YES;
				GCC_C_LANGUAGE_STANDARD = gnu99;
				GCC_NO_COMMON_BLOCKS = YES;
				GCC_WARN_64_TO_32_BIT_CONVERSION = YES;
				GCC_WARN_ABOUT_RETURN_TYPE = YES_ERROR;
				GCC_WARN_UNDECLARED_SELECTOR = YES;
				GCC_WARN_UNINITIALIZED_AUTOS = YES_AGGRESSIVE;
				GCC_WARN_UNUSED_FUNCTION = YES;
				GCC_WARN_UNUSED_VARIABLE = YES;
				IPHONEOS_DEPLOYMENT_TARGET = 8.0;
				MTL_ENABLE_DEBUG_INFO = NO;
				SDKROOT = iphoneos;
				VALIDATE_PRODUCT = YES;
			};
			name = Release;
		};
		3154471B1EC1C3A8009FEB1A /* Debug */ = {
			isa = XCBuildConfiguration;
			baseConfigurationReference = 24389B160A0E95B617449A1B /* Pods-NewProject.debug.xcconfig */;
			buildSettings = {
				ASSETCATALOG_COMPILER_APPICON_NAME = AppIcon;
				DEVELOPMENT_TEAM = VW8U9YA9E8;
				ENABLE_BITCODE = NO;
				INFOPLIST_FILE = NewProject/Info.plist;
				LD_RUNPATH_SEARCH_PATHS = "$(inherited) @executable_path/Frameworks";
				PRODUCT_BUNDLE_IDENTIFIER = com.FanNewProject;
				PRODUCT_NAME = "$(TARGET_NAME)";
			};
			name = Debug;
		};
		3154471C1EC1C3A8009FEB1A /* Release */ = {
			isa = XCBuildConfiguration;
			baseConfigurationReference = 3E3001D27F51367A4A4B0BFB /* Pods-NewProject.release.xcconfig */;
			buildSettings = {
				ASSETCATALOG_COMPILER_APPICON_NAME = AppIcon;
				DEVELOPMENT_TEAM = VW8U9YA9E8;
				ENABLE_BITCODE = NO;
				INFOPLIST_FILE = NewProject/Info.plist;
				LD_RUNPATH_SEARCH_PATHS = "$(inherited) @executable_path/Frameworks";
				PRODUCT_BUNDLE_IDENTIFIER = com.FanNewProject;
				PRODUCT_NAME = "$(TARGET_NAME)";
			};
			name = Release;
		};
		315850871EE508F4003B37BD /* Debug */ = {
			isa = XCBuildConfiguration;
			buildSettings = {
				DEBUGGING_SYMBOLS = YES;
				DEBUG_INFORMATION_FORMAT = dwarf;
				DEVELOPMENT_TEAM = VW8U9YA9E8;
				GCC_GENERATE_DEBUGGING_SYMBOLS = YES;
				GCC_OPTIMIZATION_LEVEL = 0;
				OTHER_CFLAGS = "";
				OTHER_LDFLAGS = "";
				PRODUCT_NAME = "$(TARGET_NAME)";
			};
			name = Debug;
		};
		315850881EE508F4003B37BD /* Release */ = {
			isa = XCBuildConfiguration;
			buildSettings = {
				DEBUG_INFORMATION_FORMAT = "dwarf-with-dsym";
				DEVELOPMENT_TEAM = VW8U9YA9E8;
				OTHER_CFLAGS = "";
				OTHER_LDFLAGS = "";
				PRODUCT_NAME = "$(TARGET_NAME)";
			};
			name = Release;
		};
/* End XCBuildConfiguration section */

/* Begin XCConfigurationList section */
		315446FE1EC1C3A8009FEB1A /* Build configuration list for PBXProject "NewProject" */ = {
			isa = XCConfigurationList;
			buildConfigurations = (
				315447181EC1C3A8009FEB1A /* Debug */,
				315447191EC1C3A8009FEB1A /* Release */,
			);
			defaultConfigurationIsVisible = 0;
			defaultConfigurationName = Release;
		};
		3154471A1EC1C3A8009FEB1A /* Build configuration list for PBXNativeTarget "NewProject" */ = {
			isa = XCConfigurationList;
			buildConfigurations = (
				3154471B1EC1C3A8009FEB1A /* Debug */,
				3154471C1EC1C3A8009FEB1A /* Release */,
			);
			defaultConfigurationIsVisible = 0;
			defaultConfigurationName = Release;
		};
		315850861EE508F4003B37BD /* Build configuration list for PBXLegacyTarget "Shall" */ = {
			isa = XCConfigurationList;
			buildConfigurations = (
				315850871EE508F4003B37BD /* Debug */,
				315850881EE508F4003B37BD /* Release */,
			);
			defaultConfigurationIsVisible = 0;
			defaultConfigurationName = Release;
		};
/* End XCConfigurationList section */
	};
	rootObject = 315446FB1EC1C3A8009FEB1A /* Project object */;
}
